
Microsoft Visual Studio Solution File, Format Version 12.00
# Visual Studio Version 17
VisualStudioVersion = 17.14.36301.6 d17.14
MinimumVisualStudioVersion = 10.0.40219.1
Project("{FAE04EC0-301F-11D3-BF4B-00C04F79EFBC}") = "Todolist", "Todolist\Todolist.csproj", "{055D1EFF-C3C7-4A10-9A4D-6C533AB8D375}"
EndProject
Global
	GlobalSection(SolutionConfigurationPlatforms) = preSolution
		Debug|Any CPU = Debug|Any CPU
		Release|Any CPU = Release|Any CPU
	EndGlobalSection
	GlobalSection(ProjectConfigurationPlatforms) = postSolution
		{055D1EFF-C3C7-4A10-9A4D-6C533AB8D375}.Debug|Any CPU.ActiveCfg = Debug|Any CPU
		{055D1EFF-C3C7-4A10-9A4D-6C533AB8D375}.Debug|Any CPU.Build.0 = Debug|Any CPU
		{055D1EFF-C3C7-4A10-9A4D-6C533AB8D375}.Release|Any CPU.ActiveCfg = Release|Any CPU
		{055D1EFF-C3C7-4A10-9A4D-6C533AB8D375}.Release|Any CPU.Build.0 = Release|Any CPU
	EndGlobalSection
	GlobalSection(SolutionProperties) = preSolution
		HideSolutionNode = FALSE
	EndGlobalSection
	GlobalSection(ExtensibilityGlobals) = postSolution
		SolutionGuid = {8B506A8B-987B-4EA9-8989-4B1B5DD37C1F}
	EndGlobalSection
EndGlobal
